
Microsoft Visual Studio Solution File, Format Version 12.00
# Visual Studio Version 16
VisualStudioVersion = 16.0.30907.101
MinimumVisualStudioVersion = 10.0.40219.1
Project("{FAE04EC0-301F-11D3-BF4B-00C04F79EFBC}") = "Assignment2", "Assignment2\Assignment2.csproj", "{A3E26BF2-22A8-48E8-B585-70EECCB74C03}"
	ProjectSection(ProjectDependencies) = postProject
		{7D909804-88E2-4E9E-B7BF-2B1FCF652316} = {7D909804-88E2-4E9E-B7BF-2B1FCF652316}
		{3C9E02EE-8233-4D5B-82BD-C3A1B25C5508} = {3C9E02EE-8233-4D5B-82BD-C3A1B25C5508}
	EndProjectSection
EndProject
Project("{FAE04EC0-301F-11D3-BF4B-00C04F79EFBC}") = "WCFSLibrary", "WCFSLibrary\WCFSLibrary.csproj", "{3DE444E3-2305-4B35-A586-51D144712BD0}"
EndProject
Project("{E24C65DC-7377-472B-9ABA-BC803B73C61A}") = "GreedyWCFS", "GreedyWCFS\", "{3C9E02EE-8233-4D5B-82BD-C3A1B25C5508}"
	ProjectSection(WebsiteProperties) = preProject
		TargetFrameworkMoniker = ".NETFramework,Version%3Dv4.7"
		ProjectReferences = "{3de444e3-2305-4b35-a586-51d144712bd0}|WCFSLibrary.dll;"
		Debug.AspNetCompiler.VirtualPath = "/localhost_50398"
		Debug.AspNetCompiler.PhysicalPath = "GreedyWCFS\"
		Debug.AspNetCompiler.TargetPath = "PrecompiledWeb\localhost_50398\"
		Debug.AspNetCompiler.Updateable = "true"
		Debug.AspNetCompiler.ForceOverwrite = "true"
		Debug.AspNetCompiler.FixedNames = "false"
		Debug.AspNetCompiler.Debug = "True"
		Release.AspNetCompiler.VirtualPath = "/localhost_50398"
		Release.AspNetCompiler.PhysicalPath = "GreedyWCFS\"
		Release.AspNetCompiler.TargetPath = "PrecompiledWeb\localhost_50398\"
		Release.AspNetCompiler.Updateable = "true"
		Release.AspNetCompiler.ForceOverwrite = "true"
		Release.AspNetCompiler.FixedNames = "false"
		Release.AspNetCompiler.Debug = "False"
		VWDPort = "50398"
		SlnRelativePath = "GreedyWCFS\"
		DefaultWebSiteLanguage = "Visual C#"
	EndProjectSection
EndProject
Project("{E24C65DC-7377-472B-9ABA-BC803B73C61A}") = "HeuristicWCFS", "HeuristicWCFS\", "{7D909804-88E2-4E9E-B7BF-2B1FCF652316}"
	ProjectSection(WebsiteProperties) = preProject
		TargetFrameworkMoniker = ".NETFramework,Version%3Dv4.7"
		ProjectReferences = "{3de444e3-2305-4b35-a586-51d144712bd0}|WCFSLibrary.dll;"
		Debug.AspNetCompiler.VirtualPath = "/localhost_62026"
		Debug.AspNetCompiler.PhysicalPath = "HeuristicWCFS\"
		Debug.AspNetCompiler.TargetPath = "PrecompiledWeb\localhost_62026\"
		Debug.AspNetCompiler.Updateable = "true"
		Debug.AspNetCompiler.ForceOverwrite = "true"
		Debug.AspNetCompiler.FixedNames = "false"
		Debug.AspNetCompiler.Debug = "True"
		Release.AspNetCompiler.VirtualPath = "/localhost_62026"
		Release.AspNetCompiler.PhysicalPath = "HeuristicWCFS\"
		Release.AspNetCompiler.TargetPath = "PrecompiledWeb\localhost_62026\"
		Release.AspNetCompiler.Updateable = "true"
		Release.AspNetCompiler.ForceOverwrite = "true"
		Release.AspNetCompiler.FixedNames = "false"
		Release.AspNetCompiler.Debug = "False"
		VWDPort = "62026"
		SlnRelativePath = "HeuristicWCFS\"
		DefaultWebSiteLanguage = "Visual C#"
	EndProjectSection
EndProject
Global
	GlobalSection(SolutionConfigurationPlatforms) = preSolution
		Debug|Any CPU = Debug|Any CPU
		Release|Any CPU = Release|Any CPU
	EndGlobalSection
	GlobalSection(ProjectConfigurationPlatforms) = postSolution
		{A3E26BF2-22A8-48E8-B585-70EECCB74C03}.Debug|Any CPU.ActiveCfg = Debug|Any CPU
		{A3E26BF2-22A8-48E8-B585-70EECCB74C03}.Debug|Any CPU.Build.0 = Debug|Any CPU
		{A3E26BF2-22A8-48E8-B585-70EECCB74C03}.Release|Any CPU.ActiveCfg = Release|Any CPU
		{A3E26BF2-22A8-48E8-B585-70EECCB74C03}.Release|Any CPU.Build.0 = Release|Any CPU
		{3DE444E3-2305-4B35-A586-51D144712BD0}.Debug|Any CPU.ActiveCfg = Debug|Any CPU
		{3DE444E3-2305-4B35-A586-51D144712BD0}.Debug|Any CPU.Build.0 = Debug|Any CPU
		{3DE444E3-2305-4B35-A586-51D144712BD0}.Release|Any CPU.ActiveCfg = Release|Any CPU
		{3DE444E3-2305-4B35-A586-51D144712BD0}.Release|Any CPU.Build.0 = Release|Any CPU
		{3C9E02EE-8233-4D5B-82BD-C3A1B25C5508}.Debug|Any CPU.ActiveCfg = Debug|Any CPU
		{3C9E02EE-8233-4D5B-82BD-C3A1B25C5508}.Debug|Any CPU.Build.0 = Debug|Any CPU
		{3C9E02EE-8233-4D5B-82BD-C3A1B25C5508}.Release|Any CPU.ActiveCfg = Debug|Any CPU
		{3C9E02EE-8233-4D5B-82BD-C3A1B25C5508}.Release|Any CPU.Build.0 = Debug|Any CPU
		{7D909804-88E2-4E9E-B7BF-2B1FCF652316}.Debug|Any CPU.ActiveCfg = Debug|Any CPU
		{7D909804-88E2-4E9E-B7BF-2B1FCF652316}.Debug|Any CPU.Build.0 = Debug|Any CPU
		{7D909804-88E2-4E9E-B7BF-2B1FCF652316}.Release|Any CPU.ActiveCfg = Debug|Any CPU
		{7D909804-88E2-4E9E-B7BF-2B1FCF652316}.Release|Any CPU.Build.0 = Debug|Any CPU
	EndGlobalSection
	GlobalSection(SolutionProperties) = preSolution
		HideSolutionNode = FALSE
	EndGlobalSection
	GlobalSection(ExtensibilityGlobals) = postSolution
		SolutionGuid = {6A04978D-3B93-441F-B597-0222DF5CF5D0}
	EndGlobalSection
EndGlobal
